
Microsoft Visual Studio Solution File, Format Version 12.00
# Visual Studio 15
VisualStudioVersion = 15.0.28307.705
MinimumVisualStudioVersion = 10.0.40219.1
Project("{FAE04EC0-301F-11D3-BF4B-00C04F79EFBC}") = "AsteroidsApp1", "AsteroidsApp1\AsteroidsApp1.csproj", "{55819A3D-EE99-4109-AC55-C3EB5D7DA034}"
EndProject
Global
	GlobalSection(SolutionConfigurationPlatforms) = preSolution
		Debug|Any CPU = Debug|Any CPU
		Release|Any CPU = Release|Any CPU
	EndGlobalSection
	GlobalSection(ProjectConfigurationPlatforms) = postSolution
		{55819A3D-EE99-4109-AC55-C3EB5D7DA034}.Debug|Any CPU.ActiveCfg = Debug|Any CPU
		{55819A3D-EE99-4109-AC55-C3EB5D7DA034}.Debug|Any CPU.Build.0 = Debug|Any CPU
		{55819A3D-EE99-4109-AC55-C3EB5D7DA034}.Release|Any CPU.ActiveCfg = Release|Any CPU
		{55819A3D-EE99-4109-AC55-C3EB5D7DA034}.Release|Any CPU.Build.0 = Release|Any CPU
	EndGlobalSection
	GlobalSection(SolutionProperties) = preSolution
		HideSolutionNode = FALSE
	EndGlobalSection
	GlobalSection(ExtensibilityGlobals) = postSolution
		SolutionGuid = {F3C980F9-DC02-487E-AEEE-FD0D77B9F7FB}
	EndGlobalSection
EndGlobal
